
Microsoft Visual Studio Solution File, Format Version 12.00
# Visual Studio Version 16
VisualStudioVersion = 16.0.29025.244
MinimumVisualStudioVersion = 10.0.40219.1
Project("{FAE04EC0-301F-11D3-BF4B-00C04F79EFBC}") = "OnlineEventBooking", "OnlineEventBooking\OnlineEventBooking.csproj", "{1F914BCE-7C13-4D02-A2E9-FC18A3549993}"
EndProject
Project("{FAE04EC0-301F-11D3-BF4B-00C04F79EFBC}") = "Interface", "Interface\Interface.csproj", "{6B1CFFE8-52EC-4E89-A713-858C4BD201D3}"
EndProject
Project("{FAE04EC0-301F-11D3-BF4B-00C04F79EFBC}") = "DAL", "DAL\DAL.csproj", "{27F737C2-34BA-4091-9B64-DCD8D5A99D8F}"
EndProject
Global
	GlobalSection(SolutionConfigurationPlatforms) = preSolution
		Debug|Any CPU = Debug|Any CPU
		Release|Any CPU = Release|Any CPU
	EndGlobalSection
	GlobalSection(ProjectConfigurationPlatforms) = postSolution
		{1F914BCE-7C13-4D02-A2E9-FC18A3549993}.Debug|Any CPU.ActiveCfg = Debug|Any CPU
		{1F914BCE-7C13-4D02-A2E9-FC18A3549993}.Debug|Any CPU.Build.0 = Debug|Any CPU
		{1F914BCE-7C13-4D02-A2E9-FC18A3549993}.Release|Any CPU.ActiveCfg = Release|Any CPU
		{1F914BCE-7C13-4D02-A2E9-FC18A3549993}.Release|Any CPU.Build.0 = Release|Any CPU
		{6B1CFFE8-52EC-4E89-A713-858C4BD201D3}.Debug|Any CPU.ActiveCfg = Debug|Any CPU
		{6B1CFFE8-52EC-4E89-A713-858C4BD201D3}.Debug|Any CPU.Build.0 = Debug|Any CPU
		{6B1CFFE8-52EC-4E89-A713-858C4BD201D3}.Release|Any CPU.ActiveCfg = Release|Any CPU
		{6B1CFFE8-52EC-4E89-A713-858C4BD201D3}.Release|Any CPU.Build.0 = Release|Any CPU
		{27F737C2-34BA-4091-9B64-DCD8D5A99D8F}.Debug|Any CPU.ActiveCfg = Debug|Any CPU
		{27F737C2-34BA-4091-9B64-DCD8D5A99D8F}.Debug|Any CPU.Build.0 = Debug|Any CPU
		{27F737C2-34BA-4091-9B64-DCD8D5A99D8F}.Release|Any CPU.ActiveCfg = Release|Any CPU
		{27F737C2-34BA-4091-9B64-DCD8D5A99D8F}.Release|Any CPU.Build.0 = Release|Any CPU
	EndGlobalSection
	GlobalSection(SolutionProperties) = preSolution
		HideSolutionNode = FALSE
	EndGlobalSection
	GlobalSection(ExtensibilityGlobals) = postSolution
		SolutionGuid = {96DCC1EA-3CBD-4814-8738-27AA38812B7E}
	EndGlobalSection
EndGlobal
